// !$*UTF8*$!
{
	archiveVersion = 1;
	classes = {
	};
	objectVersion = 50;
	objects = {

/* Begin PBXBuildFile section */
		E043668B242D2CAF0078AE5D /* ResultViewController.swift in Sources */ = {isa = PBXBuildFile; fileRef = E043668A242D2CAF0078AE5D /* ResultViewController.swift */; };
		E0631304242C679500812792 /* AppDelegate.swift in Sources */ = {isa = PBXBuildFile; fileRef = E0631303242C679500812792 /* AppDelegate.swift */; };
		E0631306242C679500812792 /* SceneDelegate.swift in Sources */ = {isa = PBXBuildFile; fileRef = E0631305242C679500812792 /* SceneDelegate.swift */; };
		E0631308242C679500812792 /* ViewController.swift in Sources */ = {isa = PBXBuildFile; fileRef = E0631307242C679500812792 /* ViewController.swift */; };
		E063130B242C679500812792 /* Main.storyboard in Resources */ = {isa = PBXBuildFile; fileRef = E0631309242C679500812792 /* Main.storyboard */; };
		E063130D242C679600812792 /* Assets.xcassets in Resources */ = {isa = PBXBuildFile; fileRef = E063130C242C679600812792 /* Assets.xcassets */; };
		E0631310242C679600812792 /* LaunchScreen.storyboard in Resources */ = {isa = PBXBuildFile; fileRef = E063130E242C679600812792 /* LaunchScreen.storyboard */; };
/* End PBXBuildFile section */

/* Begin PBXFileReference section */
		E00707FD24443CDC00146362 /* libsqlite3.tbd */ = {isa = PBXFileReference; lastKnownFileType = "sourcecode.text-based-dylib-definition"; name = libsqlite3.tbd; path = usr/lib/libsqlite3.tbd; sourceTree = SDKROOT; };
		E043668A242D2CAF0078AE5D /* ResultViewController.swift */ = {isa = PBXFileReference; lastKnownFileType = sourcecode.swift; path = ResultViewController.swift; sourceTree = "<group>"; };
		E0631300242C679500812792 /* Powerlifting Attempt Selectoin Calculator.app */ = {isa = PBXFileReference; explicitFileType = wrapper.application; includeInIndex = 0; path = "Powerlifting Attempt Selectoin Calculator.app"; sourceTree = BUILT_PRODUCTS_DIR; };
		E0631303242C679500812792 /* AppDelegate.swift */ = {isa = PBXFileReference; lastKnownFileType = sourcecode.swift; path = AppDelegate.swift; sourceTree = "<group>"; };
		E0631305242C679500812792 /* SceneDelegate.swift */ = {isa = PBXFileReference; lastKnownFileType = sourcecode.swift; path = SceneDelegate.swift; sourceTree = "<group>"; };
		E0631307242C679500812792 /* ViewController.swift */ = {isa = PBXFileReference; lastKnownFileType = sourcecode.swift; path = ViewController.swift; sourceTree = "<group>"; };
		E063130A242C679500812792 /* Base */ = {isa = PBXFileReference; lastKnownFileType = file.storyboard; name = Base; path = Base.lproj/Main.storyboard; sourceTree = "<group>"; };
		E063130C242C679600812792 /* Assets.xcassets */ = {isa = PBXFileReference; lastKnownFileType = folder.assetcatalog; path = Assets.xcassets; sourceTree = "<group>"; };
		E063130F242C679600812792 /* Base */ = {isa = PBXFileReference; lastKnownFileType = file.storyboard; name = Base; path = Base.lproj/LaunchScreen.storyboard; sourceTree = "<group>"; };
		E0631311242C679600812792 /* Info.plist */ = {isa = PBXFileReference; lastKnownFileType = text.plist.xml; path = Info.plist; sourceTree = "<group>"; };
/* End PBXFileReference section */

/* Begin PBXFrameworksBuildPhase section */
		E06312FD242C679500812792 /* Frameworks */ = {
			isa = PBXFrameworksBuildPhase;
			buildActionMask = 2147483647;
			files = (
			);
			runOnlyForDeploymentPostprocessing = 0;
		};
/* End PBXFrameworksBuildPhase section */

/* Begin PBXGroup section */
		E00707FC24443CDC00146362 /* Frameworks */ = {
			isa = PBXGroup;
			children = (
				E00707FD24443CDC00146362 /* libsqlite3.tbd */,
			);
			name = Frameworks;
			sourceTree = "<group>";
		};
		E06312F7242C679500812792 = {
			isa = PBXGroup;
			children = (
				E0631302242C679500812792 /* Powerlifting Attempt Selectoin Calculator */,
				E0631301242C679500812792 /* Products */,
				E00707FC24443CDC00146362 /* Frameworks */,
			);
			sourceTree = "<group>";
		};
		E0631301242C679500812792 /* Products */ = {
			isa = PBXGroup;
			children = (
				E0631300242C679500812792 /* Powerlifting Attempt Selectoin Calculator.app */,
			);
			name = Products;
			sourceTree = "<group>";
		};
		E0631302242C679500812792 /* Powerlifting Attempt Selectoin Calculator */ = {
			isa = PBXGroup;
			children = (
				E0631303242C679500812792 /* AppDelegate.swift */,
				E0631305242C679500812792 /* SceneDelegate.swift */,
				E0631307242C679500812792 /* ViewController.swift */,
				E043668A242D2CAF0078AE5D /* ResultViewController.swift */,
				E0631309242C679500812792 /* Main.storyboard */,
				E063130C242C679600812792 /* Assets.xcassets */,
				E063130E242C679600812792 /* LaunchScreen.storyboard */,
				E0631311242C679600812792 /* Info.plist */,
			);
			path = "Powerlifting Attempt Selectoin Calculator";
			sourceTree = "<group>";
		};
/* End PBXGroup section */

/* Begin PBXNativeTarget section */
		E06312FF242C679500812792 /* Powerlifting Attempt Selectoin Calculator */ = {
			isa = PBXNativeTarget;
			buildConfigurationList = E0631314242C679600812792 /* Build configuration list for PBXNativeTarget "Powerlifting Attempt Selectoin Calculator" */;
			buildPhases = (
				E06312FC242C679500812792 /* Sources */,
				E06312FD242C679500812792 /* Frameworks */,
				E06312FE242C679500812792 /* Resources */,
			);
			buildRules = (
			);
			dependencies = (
			);
			name = "Powerlifting Attempt Selectoin Calculator";
			productName = "Powerlifting Attempt Selectoin Calculator";
			productReference = E0631300242C679500812792 /* Powerlifting Attempt Selectoin Calculator.app */;
			productType = "com.apple.product-type.application";
		};
/* End PBXNativeTarget section */

/* Begin PBXProject section */
		E06312F8242C679500812792 /* Project object */ = {
			isa = PBXProject;
			attributes = {
				LastSwiftUpdateCheck = 1140;
				LastUpgradeCheck = 1140;
				ORGANIZATIONNAME = "Kyaw Nyein";
				TargetAttributes = {
					E06312FF242C679500812792 = {
						CreatedOnToolsVersion = 11.4;
					};
				};
			};
			buildConfigurationList = E06312FB242C679500812792 /* Build configuration list for PBXProject "Powerlifting Attempt Selectoin Calculator" */;
			compatibilityVersion = "Xcode 9.3";
			developmentRegion = en;
			hasScannedForEncodings = 0;
			knownRegions = (
				en,
				Base,
			);
			mainGroup = E06312F7242C679500812792;
			productRefGroup = E0631301242C679500812792 /* Products */;
			projectDirPath = "";
			projectRoot = "";
			targets = (
				E06312FF242C679500812792 /* Powerlifting Attempt Selectoin Calculator */,
			);
		};
/* End PBXProject section */

/* Begin PBXResourcesBuildPhase section */
		E06312FE242C679500812792 /* Resources */ = {
			isa = PBXResourcesBuildPhase;
			buildActionMask = 2147483647;
			files = (
				E0631310242C679600812792 /* LaunchScreen.storyboard in Resources */,
				E063130D242C679600812792 /* Assets.xcassets in Resources */,
				E063130B242C679500812792 /* Main.storyboard in Resources */,
			);
			runOnlyForDeploymentPostprocessing = 0;
		};
/* End PBXResourcesBuildPhase section */

/* Begin PBXSourcesBuildPhase section */
		E06312FC242C679500812792 /* Sources */ = {
			isa = PBXSourcesBuildPhase;
			buildActionMask = 2147483647;
			files = (
				E0631308242C679500812792 /* ViewController.swift in Sources */,
				E0631304242C679500812792 /* AppDelegate.swift in Sources */,
				E0631306242C679500812792 /* SceneDelegate.swift in Sources */,
				E043668B242D2CAF0078AE5D /* ResultViewController.swift in Sources */,
			);
			runOnlyForDeploymentPostprocessing = 0;
		};
/* End PBXSourcesBuildPhase section */

/* Begin PBXVariantGroup section */
		E0631309242C679500812792 /* Main.storyboard */ = {
			isa = PBXVariantGroup;
			children = (
				E063130A242C679500812792 /* Base */,
			);
			name = Main.storyboard;
			sourceTree = "<group>";
		};
		E063130E242C679600812792 /* LaunchScreen.storyboard */ = {
			isa = PBXVariantGroup;
			children = (
				E063130F242C679600812792 /* Base */,
			);
			name = LaunchScreen.storyboard;
			sourceTree = "<group>";
		};
/* End PBXVariantGroup section */

/* Begin XCBuildConfiguration section */
		E0631312242C679600812792 /* Debug */ = {
			isa = XCBuildConfiguration;
			buildSettings = {
				ALWAYS_SEARCH_USER_PATHS = NO;
				CLANG_ANALYZER_NONNULL = YES;
				CLANG_ANALYZER_NUMBER_OBJECT_CONVERSION = YES_AGGRESSIVE;
				CLANG_CXX_LANGUAGE_STANDARD = "gnu++14";
				CLANG_CXX_LIBRARY = "libc++";
				CLANG_ENABLE_MODULES = YES;
				CLANG_ENABLE_OBJC_ARC = YES;
				CLANG_ENABLE_OBJC_WEAK = YES;
				CLANG_WARN_BLOCK_CAPTURE_AUTORELEASING = YES;
				CLANG_WARN_BOOL_CONVERSION = YES;
				CLANG_WARN_COMMA = YES;
				CLANG_WARN_CONSTANT_CONVERSION = YES;
				CLANG_WARN_DEPRECATED_OBJC_IMPLEMENTATIONS = YES;
				CLANG_WARN_DIRECT_OBJC_ISA_USAGE = YES_ERROR;
				CLANG_WARN_DOCUMENTATION_COMMENTS = YES;
				CLANG_WARN_EMPTY_BODY = YES;
				CLANG_WARN_ENUM_CONVERSION = YES;
				CLANG_WARN_INFINITE_RECURSION = YES;
				CLANG_WARN_INT_CONVERSION = YES;
				CLANG_WARN_NON_LITERAL_NULL_CONVERSION = YES;
				CLANG_WARN_OBJC_IMPLICIT_RETAIN_SELF = YES;
				CLANG_WARN_OBJC_LITERAL_CONVERSION = YES;
				CLANG_WARN_OBJC_ROOT_CLASS = YES_ERROR;
				CLANG_WARN_RANGE_LOOP_ANALYSIS = YES;
				CLANG_WARN_STRICT_PROTOTYPES = YES;
				CLANG_WARN_SUSPICIOUS_MOVE = YES;
				CLANG_WARN_UNGUARDED_AVAILABILITY = YES_AGGRESSIVE;
				CLANG_WARN_UNREACHABLE_CODE = YES;
				CLANG_WARN__DUPLICATE_METHOD_MATCH = YES;
				COPY_PHASE_STRIP = NO;
				DEBUG_INFORMATION_FORMAT = dwarf;
				ENABLE_STRICT_OBJC_MSGSEND = YES;
				ENABLE_TESTABILITY = YES;
				GCC_C_LANGUAGE_STANDARD = gnu11;
				GCC_DYNAMIC_NO_PIC = NO;
				GCC_NO_COMMON_BLOCKS = YES;
				GCC_OPTIMIZATION_LEVEL = 0;
				GCC_PREPROCESSOR_DEFINITIONS = (
					"DEBUG=1",
					"$(inherited)",
				);
				GCC_WARN_64_TO_32_BIT_CONVERSION = YES;
				GCC_WARN_ABOUT_RETURN_TYPE = YES_ERROR;
				GCC_WARN_UNDECLARED_SELECTOR = YES;
				GCC_WARN_UNINITIALIZED_AUTOS = YES_AGGRESSIVE;
				GCC_WARN_UNUSED_FUNCTION = YES;
				GCC_WARN_UNUSED_VARIABLE = YES;
				IPHONEOS_DEPLOYMENT_TARGET = 13.4;
				MTL_ENABLE_DEBUG_INFO = INCLUDE_SOURCE;
				MTL_FAST_MATH = YES;
				ONLY_ACTIVE_ARCH = YES;
				SDKROOT = iphoneos;
				SWIFT_ACTIVE_COMPILATION_CONDITIONS = DEBUG;
				SWIFT_OPTIMIZATION_LEVEL = "-Onone";
			};
			name = Debug;
		};
		E0631313242C679600812792 /* Release */ = {
			isa = XCBuildConfiguration;
			buildSettings = {
				ALWAYS_SEARCH_USER_PATHS = NO;
				CLANG_ANALYZER_NONNULL = YES;
				CLANG_ANALYZER_NUMBER_OBJECT_CONVERSION = YES_AGGRESSIVE;
				CLANG_CXX_LANGUAGE_STANDARD = "gnu++14";
				CLANG_CXX_LIBRARY = "libc++";
				CLANG_ENABLE_MODULES = YES;
				CLANG_ENABLE_OBJC_ARC = YES;
				CLANG_ENABLE_OBJC_WEAK = YES;
				CLANG_WARN_BLOCK_CAPTURE_AUTORELEASING = YES;
				CLANG_WARN_BOOL_CONVERSION = YES;
				CLANG_WARN_COMMA = YES;
				CLANG_WARN_CONSTANT_CONVERSION = YES;
				CLANG_WARN_DEPRECATED_OBJC_IMPLEMENTATIONS = YES;
				CLANG_WARN_DIRECT_OBJC_ISA_USAGE = YES_ERROR;
				CLANG_WARN_DOCUMENTATION_COMMENTS = YES;
				CLANG_WARN_EMPTY_BODY = YES;
				CLANG_WARN_ENUM_CONVERSION = YES;
				CLANG_WARN_INFINITE_RECURSION = YES;
				CLANG_WARN_INT_CONVERSION = YES;
				CLANG_WARN_NON_LITERAL_NULL_CONVERSION = YES;
				CLANG_WARN_OBJC_IMPLICIT_RETAIN_SELF = YES;
				CLANG_WARN_OBJC_LITERAL_CONVERSION = YES;
				CLANG_WARN_OBJC_ROOT_CLASS = YES_ERROR;
				CLANG_WARN_RANGE_LOOP_ANALYSIS = YES;
				CLANG_WARN_STRICT_PROTOTYPES = YES;
				CLANG_WARN_SUSPICIOUS_MOVE = YES;
				CLANG_WARN_UNGUARDED_AVAILABILITY = YES_AGGRESSIVE;
				CLANG_WARN_UNREACHABLE_CODE = YES;
				CLANG_WARN__DUPLICATE_METHOD_MATCH = YES;
				COPY_PHASE_STRIP = NO;
				DEBUG_INFORMATION_FORMAT = "dwarf-with-dsym";
				ENABLE_NS_ASSERTIONS = NO;
				ENABLE_STRICT_OBJC_MSGSEND = YES;
				GCC_C_LANGUAGE_STANDARD = gnu11;
				GCC_NO_COMMON_BLOCKS = YES;
				GCC_WARN_64_TO_32_BIT_CONVERSION = YES;
				GCC_WARN_ABOUT_RETURN_TYPE = YES_ERROR;
				GCC_WARN_UNDECLARED_SELECTOR = YES;
				GCC_WARN_UNINITIALIZED_AUTOS = YES_AGGRESSIVE;
				GCC_WARN_UNUSED_FUNCTION = YES;
				GCC_WARN_UNUSED_VARIABLE = YES;
				IPHONEOS_DEPLOYMENT_TARGET = 13.4;
				MTL_ENABLE_DEBUG_INFO = NO;
				MTL_FAST_MATH = YES;
				SDKROOT = iphoneos;
				SWIFT_COMPILATION_MODE = wholemodule;
				SWIFT_OPTIMIZATION_LEVEL = "-O";
				VALIDATE_PRODUCT = YES;
			};
			name = Release;
		};
		E0631315242C679600812792 /* Debug */ = {
			isa = XCBuildConfiguration;
			buildSettings = {
				ASSETCATALOG_COMPILER_APPICON_NAME = AppIcon;
				CODE_SIGN_STYLE = Automatic;
				DEVELOPMENT_TEAM = Q8BAYV49A4;
				INFOPLIST_FILE = "Powerlifting Attempt Selectoin Calculator/Info.plist";
				LD_RUNPATH_SEARCH_PATHS = (
					"$(inherited)",
					"@executable_path/Frameworks",
				);
				PRODUCT_BUNDLE_IDENTIFIER = "com.jawstrength.Powerlifting-Attempt-Selectoin-Calculator";
				PRODUCT_NAME = "$(TARGET_NAME)";
				SWIFT_VERSION = 5.0;
				TARGETED_DEVICE_FAMILY = 1;
			};
			name = Debug;
		};
		E0631316242C679600812792 /* Release */ = {
			isa = XCBuildConfiguration;
			buildSettings = {
				ASSETCATALOG_COMPILER_APPICON_NAME = AppIcon;
				CODE_SIGN_STYLE = Automatic;
				DEVELOPMENT_TEAM = Q8BAYV49A4;
				INFOPLIST_FILE = "Powerlifting Attempt Selectoin Calculator/Info.plist";
				LD_RUNPATH_SEARCH_PATHS = (
					"$(inherited)",
					"@executable_path/Frameworks",
				);
				PRODUCT_BUNDLE_IDENTIFIER = "com.jawstrength.Powerlifting-Attempt-Selectoin-Calculator";
				PRODUCT_NAME = "$(TARGET_NAME)";
				SWIFT_VERSION = 5.0;
				TARGETED_DEVICE_FAMILY = 1;
			};
			name = Release;
		};
/* End XCBuildConfiguration section */

/* Begin XCConfigurationList section */
		E06312FB242C679500812792 /* Build configuration list for PBXProject "Powerlifting Attempt Selectoin Calculator" */ = {
			isa = XCConfigurationList;
			buildConfigurations = (
				E0631312242C679600812792 /* Debug */,
				E0631313242C679600812792 /* Release */,
			);
			defaultConfigurationIsVisible = 0;
			defaultConfigurationName = Release;
		};
		E0631314242C679600812792 /* Build configuration list for PBXNativeTarget "Powerlifting Attempt Selectoin Calculator" */ = {
			isa = XCConfigurationList;
			buildConfigurations = (
				E0631315242C679600812792 /* Debug */,
				E0631316242C679600812792 /* Release */,
			);
			defaultConfigurationIsVisible = 0;
			defaultConfigurationName = Release;
		};
/* End XCConfigurationList section */
	};
	rootObject = E06312F8242C679500812792 /* Project object */;
}
